
Microsoft Visual Studio Solution File, Format Version 12.00
# Visual Studio Version 16
VisualStudioVersion = 16.0.32802.440
MinimumVisualStudioVersion = 10.0.40219.1
Project("{FAE04EC0-301F-11D3-BF4B-00C04F79EFBC}") = "OperadoresCsharp", "OperadoresCsharp\OperadoresCsharp.csproj", "{7628BB3C-D1E3-464F-9B9A-82404C58BC89}"
EndProject
Global
	GlobalSection(SolutionConfigurationPlatforms) = preSolution
		Debug|Any CPU = Debug|Any CPU
		Release|Any CPU = Release|Any CPU
	EndGlobalSection
	GlobalSection(ProjectConfigurationPlatforms) = postSolution
		{7628BB3C-D1E3-464F-9B9A-82404C58BC89}.Debug|Any CPU.ActiveCfg = Debug|Any CPU
		{7628BB3C-D1E3-464F-9B9A-82404C58BC89}.Debug|Any CPU.Build.0 = Debug|Any CPU
		{7628BB3C-D1E3-464F-9B9A-82404C58BC89}.Release|Any CPU.ActiveCfg = Release|Any CPU
		{7628BB3C-D1E3-464F-9B9A-82404C58BC89}.Release|Any CPU.Build.0 = Release|Any CPU
	EndGlobalSection
	GlobalSection(SolutionProperties) = preSolution
		HideSolutionNode = FALSE
	EndGlobalSection
	GlobalSection(ExtensibilityGlobals) = postSolution
		SolutionGuid = {BE07F7D1-6936-471D-84E1-9977BBC3B756}
	EndGlobalSection
EndGlobal
